
Microsoft Visual Studio Solution File, Format Version 12.00
# Visual Studio Version 17
VisualStudioVersion = 17.4.33213.308
MinimumVisualStudioVersion = 10.0.40219.1
Project("{FAE04EC0-301F-11D3-BF4B-00C04F79EFBC}") = "cajeroATM", "cajeroATM\cajeroATM.csproj", "{AF6980D3-0CCE-435F-A794-466E061FF79A}"
EndProject
Global
	GlobalSection(SolutionConfigurationPlatforms) = preSolution
		Debug|Any CPU = Debug|Any CPU
		Release|Any CPU = Release|Any CPU
	EndGlobalSection
	GlobalSection(ProjectConfigurationPlatforms) = postSolution
		{AF6980D3-0CCE-435F-A794-466E061FF79A}.Debug|Any CPU.ActiveCfg = Debug|Any CPU
		{AF6980D3-0CCE-435F-A794-466E061FF79A}.Debug|Any CPU.Build.0 = Debug|Any CPU
		{AF6980D3-0CCE-435F-A794-466E061FF79A}.Release|Any CPU.ActiveCfg = Release|Any CPU
		{AF6980D3-0CCE-435F-A794-466E061FF79A}.Release|Any CPU.Build.0 = Release|Any CPU
	EndGlobalSection
	GlobalSection(SolutionProperties) = preSolution
		HideSolutionNode = FALSE
	EndGlobalSection
	GlobalSection(ExtensibilityGlobals) = postSolution
		SolutionGuid = {92CDAE4E-2DB8-4C0C-8085-454351A5BA9B}
	EndGlobalSection
EndGlobal
